{
  "name": "ng2-ace-editor",
  "version": "0.3.9",
  "lockfileVersion": 1,
  "requires": true,
  "dependencies": {
    "ace-builds": {
      "version": "1.4.8",
      "resolved": "https://registry.npmjs.org/ace-builds/-/ace-builds-1.4.8.tgz",
      "integrity": "sha512-8ZVAxwyCGAxQX8mOp9imSXH0hoSPkGfy8igJy+WO/7axL30saRhKgg1XPACSmxxPA7nfHVwM+ShWXT+vKsNuFg=="
    },
    "brace": {
      "version": "0.11.1",
      "resolved": "https://registry.npmjs.org/brace/-/brace-0.11.1.tgz",
      "integrity": "sha1-SJb8ydVE7vRfS7dmDbMg07N5/lg="
    }
  }
}
